// !$*UTF8*$!
{
	archiveVersion = 1;
	classes = {
	};
	objectVersion = 50;
	objects = {

/* Begin PBXBuildFile section */
		5CBC9BE0248420C900D81ACA /* AppDelegate.swift in Sources */ = {isa = PBXBuildFile; fileRef = 5CBC9BDF248420C900D81ACA /* AppDelegate.swift */; };
		5CBC9BE2248420C900D81ACA /* SceneDelegate.swift in Sources */ = {isa = PBXBuildFile; fileRef = 5CBC9BE1248420C900D81ACA /* SceneDelegate.swift */; };
		5CBC9BE4248420C900D81ACA /* ViewController.swift in Sources */ = {isa = PBXBuildFile; fileRef = 5CBC9BE3248420C900D81ACA /* ViewController.swift */; };
		5CBC9BE7248420C900D81ACA /* Main.storyboard in Resources */ = {isa = PBXBuildFile; fileRef = 5CBC9BE5248420C900D81ACA /* Main.storyboard */; };
		5CBC9BE9248420CA00D81ACA /* Assets.xcassets in Resources */ = {isa = PBXBuildFile; fileRef = 5CBC9BE8248420CA00D81ACA /* Assets.xcassets */; };
		5CBC9BEC248420CA00D81ACA /* LaunchScreen.storyboard in Resources */ = {isa = PBXBuildFile; fileRef = 5CBC9BEA248420CA00D81ACA /* LaunchScreen.storyboard */; };
		5CBC9BF5248425AE00D81ACA /* EmojiNode.swift in Sources */ = {isa = PBXBuildFile; fileRef = 5CBC9BF3248425AD00D81ACA /* EmojiNode.swift */; };
		5CBC9BF6248425AE00D81ACA /* StringExtension.swift in Sources */ = {isa = PBXBuildFile; fileRef = 5CBC9BF4248425AE00D81ACA /* StringExtension.swift */; };
/* End PBXBuildFile section */

/* Begin PBXFileReference section */
		5CBC9BDC248420C900D81ACA /* ARFaceTrakingDemo.app */ = {isa = PBXFileReference; explicitFileType = wrapper.application; includeInIndex = 0; path = ARFaceTrakingDemo.app; sourceTree = BUILT_PRODUCTS_DIR; };
		5CBC9BDF248420C900D81ACA /* AppDelegate.swift */ = {isa = PBXFileReference; lastKnownFileType = sourcecode.swift; path = AppDelegate.swift; sourceTree = "<group>"; };
		5CBC9BE1248420C900D81ACA /* SceneDelegate.swift */ = {isa = PBXFileReference; lastKnownFileType = sourcecode.swift; path = SceneDelegate.swift; sourceTree = "<group>"; };
		5CBC9BE3248420C900D81ACA /* ViewController.swift */ = {isa = PBXFileReference; lastKnownFileType = sourcecode.swift; path = ViewController.swift; sourceTree = "<group>"; };
		5CBC9BE6248420C900D81ACA /* Base */ = {isa = PBXFileReference; lastKnownFileType = file.storyboard; name = Base; path = Base.lproj/Main.storyboard; sourceTree = "<group>"; };
		5CBC9BE8248420CA00D81ACA /* Assets.xcassets */ = {isa = PBXFileReference; lastKnownFileType = folder.assetcatalog; path = Assets.xcassets; sourceTree = "<group>"; };
		5CBC9BEB248420CA00D81ACA /* Base */ = {isa = PBXFileReference; lastKnownFileType = file.storyboard; name = Base; path = Base.lproj/LaunchScreen.storyboard; sourceTree = "<group>"; };
		5CBC9BED248420CA00D81ACA /* Info.plist */ = {isa = PBXFileReference; lastKnownFileType = text.plist.xml; path = Info.plist; sourceTree = "<group>"; };
		5CBC9BF3248425AD00D81ACA /* EmojiNode.swift */ = {isa = PBXFileReference; fileEncoding = 4; lastKnownFileType = sourcecode.swift; path = EmojiNode.swift; sourceTree = "<group>"; };
		5CBC9BF4248425AE00D81ACA /* StringExtension.swift */ = {isa = PBXFileReference; fileEncoding = 4; lastKnownFileType = sourcecode.swift; path = StringExtension.swift; sourceTree = "<group>"; };
/* End PBXFileReference section */

/* Begin PBXFrameworksBuildPhase section */
		5CBC9BD9248420C900D81ACA /* Frameworks */ = {
			isa = PBXFrameworksBuildPhase;
			buildActionMask = 2147483647;
			files = (
			);
			runOnlyForDeploymentPostprocessing = 0;
		};
/* End PBXFrameworksBuildPhase section */

/* Begin PBXGroup section */
		5CBC9BD3248420C900D81ACA = {
			isa = PBXGroup;
			children = (
				5CBC9BDE248420C900D81ACA /* ARFaceTrakingDemo */,
				5CBC9BDD248420C900D81ACA /* Products */,
			);
			sourceTree = "<group>";
		};
		5CBC9BDD248420C900D81ACA /* Products */ = {
			isa = PBXGroup;
			children = (
				5CBC9BDC248420C900D81ACA /* ARFaceTrakingDemo.app */,
			);
			name = Products;
			sourceTree = "<group>";
		};
		5CBC9BDE248420C900D81ACA /* ARFaceTrakingDemo */ = {
			isa = PBXGroup;
			children = (
				5CBC9BDF248420C900D81ACA /* AppDelegate.swift */,
				5CBC9BE1248420C900D81ACA /* SceneDelegate.swift */,
				5CBC9BE3248420C900D81ACA /* ViewController.swift */,
				5CBC9BF3248425AD00D81ACA /* EmojiNode.swift */,
				5CBC9BF4248425AE00D81ACA /* StringExtension.swift */,
				5CBC9BE5248420C900D81ACA /* Main.storyboard */,
				5CBC9BE8248420CA00D81ACA /* Assets.xcassets */,
				5CBC9BEA248420CA00D81ACA /* LaunchScreen.storyboard */,
				5CBC9BED248420CA00D81ACA /* Info.plist */,
			);
			path = ARFaceTrakingDemo;
			sourceTree = "<group>";
		};
/* End PBXGroup section */

/* Begin PBXNativeTarget section */
		5CBC9BDB248420C900D81ACA /* ARFaceTrakingDemo */ = {
			isa = PBXNativeTarget;
			buildConfigurationList = 5CBC9BF0248420CA00D81ACA /* Build configuration list for PBXNativeTarget "ARFaceTrakingDemo" */;
			buildPhases = (
				5CBC9BD8248420C900D81ACA /* Sources */,
				5CBC9BD9248420C900D81ACA /* Frameworks */,
				5CBC9BDA248420C900D81ACA /* Resources */,
			);
			buildRules = (
			);
			dependencies = (
			);
			name = ARFaceTrakingDemo;
			productName = ARFaceTrakingDemo;
			productReference = 5CBC9BDC248420C900D81ACA /* ARFaceTrakingDemo.app */;
			productType = "com.apple.product-type.application";
		};
/* End PBXNativeTarget section */

/* Begin PBXProject section */
		5CBC9BD4248420C900D81ACA /* Project object */ = {
			isa = PBXProject;
			attributes = {
				LastSwiftUpdateCheck = 1150;
				LastUpgradeCheck = 1150;
				ORGANIZATIONNAME = "Евгений Уланов";
				TargetAttributes = {
					5CBC9BDB248420C900D81ACA = {
						CreatedOnToolsVersion = 11.5;
					};
				};
			};
			buildConfigurationList = 5CBC9BD7248420C900D81ACA /* Build configuration list for PBXProject "ARFaceTrakingDemo" */;
			compatibilityVersion = "Xcode 9.3";
			developmentRegion = en;
			hasScannedForEncodings = 0;
			knownRegions = (
				en,
				Base,
			);
			mainGroup = 5CBC9BD3248420C900D81ACA;
			productRefGroup = 5CBC9BDD248420C900D81ACA /* Products */;
			projectDirPath = "";
			projectRoot = "";
			targets = (
				5CBC9BDB248420C900D81ACA /* ARFaceTrakingDemo */,
			);
		};
/* End PBXProject section */

/* Begin PBXResourcesBuildPhase section */
		5CBC9BDA248420C900D81ACA /* Resources */ = {
			isa = PBXResourcesBuildPhase;
			buildActionMask = 2147483647;
			files = (
				5CBC9BEC248420CA00D81ACA /* LaunchScreen.storyboard in Resources */,
				5CBC9BE9248420CA00D81ACA /* Assets.xcassets in Resources */,
				5CBC9BE7248420C900D81ACA /* Main.storyboard in Resources */,
			);
			runOnlyForDeploymentPostprocessing = 0;
		};
/* End PBXResourcesBuildPhase section */

/* Begin PBXSourcesBuildPhase section */
		5CBC9BD8248420C900D81ACA /* Sources */ = {
			isa = PBXSourcesBuildPhase;
			buildActionMask = 2147483647;
			files = (
				5CBC9BF5248425AE00D81ACA /* EmojiNode.swift in Sources */,
				5CBC9BE4248420C900D81ACA /* ViewController.swift in Sources */,
				5CBC9BF6248425AE00D81ACA /* StringExtension.swift in Sources */,
				5CBC9BE0248420C900D81ACA /* AppDelegate.swift in Sources */,
				5CBC9BE2248420C900D81ACA /* SceneDelegate.swift in Sources */,
			);
			runOnlyForDeploymentPostprocessing = 0;
		};
/* End PBXSourcesBuildPhase section */

/* Begin PBXVariantGroup section */
		5CBC9BE5248420C900D81ACA /* Main.storyboard */ = {
			isa = PBXVariantGroup;
			children = (
				5CBC9BE6248420C900D81ACA /* Base */,
			);
			name = Main.storyboard;
			sourceTree = "<group>";
		};
		5CBC9BEA248420CA00D81ACA /* LaunchScreen.storyboard */ = {
			isa = PBXVariantGroup;
			children = (
				5CBC9BEB248420CA00D81ACA /* Base */,
			);
			name = LaunchScreen.storyboard;
			sourceTree = "<group>";
		};
/* End PBXVariantGroup section */

/* Begin XCBuildConfiguration section */
		5CBC9BEE248420CA00D81ACA /* Debug */ = {
			isa = XCBuildConfiguration;
			buildSettings = {
				ALWAYS_SEARCH_USER_PATHS = NO;
				CLANG_ANALYZER_NONNULL = YES;
				CLANG_ANALYZER_NUMBER_OBJECT_CONVERSION = YES_AGGRESSIVE;
				CLANG_CXX_LANGUAGE_STANDARD = "gnu++14";
				CLANG_CXX_LIBRARY = "libc++";
				CLANG_ENABLE_MODULES = YES;
				CLANG_ENABLE_OBJC_ARC = YES;
				CLANG_ENABLE_OBJC_WEAK = YES;
				CLANG_WARN_BLOCK_CAPTURE_AUTORELEASING = YES;
				CLANG_WARN_BOOL_CONVERSION = YES;
				CLANG_WARN_COMMA = YES;
				CLANG_WARN_CONSTANT_CONVERSION = YES;
				CLANG_WARN_DEPRECATED_OBJC_IMPLEMENTATIONS = YES;
				CLANG_WARN_DIRECT_OBJC_ISA_USAGE = YES_ERROR;
				CLANG_WARN_DOCUMENTATION_COMMENTS = YES;
				CLANG_WARN_EMPTY_BODY = YES;
				CLANG_WARN_ENUM_CONVERSION = YES;
				CLANG_WARN_INFINITE_RECURSION = YES;
				CLANG_WARN_INT_CONVERSION = YES;
				CLANG_WARN_NON_LITERAL_NULL_CONVERSION = YES;
				CLANG_WARN_OBJC_IMPLICIT_RETAIN_SELF = YES;
				CLANG_WARN_OBJC_LITERAL_CONVERSION = YES;
				CLANG_WARN_OBJC_ROOT_CLASS = YES_ERROR;
				CLANG_WARN_RANGE_LOOP_ANALYSIS = YES;
				CLANG_WARN_STRICT_PROTOTYPES = YES;
				CLANG_WARN_SUSPICIOUS_MOVE = YES;
				CLANG_WARN_UNGUARDED_AVAILABILITY = YES_AGGRESSIVE;
				CLANG_WARN_UNREACHABLE_CODE = YES;
				CLANG_WARN__DUPLICATE_METHOD_MATCH = YES;
				COPY_PHASE_STRIP = NO;
				DEBUG_INFORMATION_FORMAT = dwarf;
				ENABLE_STRICT_OBJC_MSGSEND = YES;
				ENABLE_TESTABILITY = YES;
				GCC_C_LANGUAGE_STANDARD = gnu11;
				GCC_DYNAMIC_NO_PIC = NO;
				GCC_NO_COMMON_BLOCKS = YES;
				GCC_OPTIMIZATION_LEVEL = 0;
				GCC_PREPROCESSOR_DEFINITIONS = (
					"DEBUG=1",
					"$(inherited)",
				);
				GCC_WARN_64_TO_32_BIT_CONVERSION = YES;
				GCC_WARN_ABOUT_RETURN_TYPE = YES_ERROR;
				GCC_WARN_UNDECLARED_SELECTOR = YES;
				GCC_WARN_UNINITIALIZED_AUTOS = YES_AGGRESSIVE;
				GCC_WARN_UNUSED_FUNCTION = YES;
				GCC_WARN_UNUSED_VARIABLE = YES;
				IPHONEOS_DEPLOYMENT_TARGET = 13.5;
				MTL_ENABLE_DEBUG_INFO = INCLUDE_SOURCE;
				MTL_FAST_MATH = YES;
				ONLY_ACTIVE_ARCH = YES;
				SDKROOT = iphoneos;
				SWIFT_ACTIVE_COMPILATION_CONDITIONS = DEBUG;
				SWIFT_OPTIMIZATION_LEVEL = "-Onone";
			};
			name = Debug;
		};
		5CBC9BEF248420CA00D81ACA /* Release */ = {
			isa = XCBuildConfiguration;
			buildSettings = {
				ALWAYS_SEARCH_USER_PATHS = NO;
				CLANG_ANALYZER_NONNULL = YES;
				CLANG_ANALYZER_NUMBER_OBJECT_CONVERSION = YES_AGGRESSIVE;
				CLANG_CXX_LANGUAGE_STANDARD = "gnu++14";
				CLANG_CXX_LIBRARY = "libc++";
				CLANG_ENABLE_MODULES = YES;
				CLANG_ENABLE_OBJC_ARC = YES;
				CLANG_ENABLE_OBJC_WEAK = YES;
				CLANG_WARN_BLOCK_CAPTURE_AUTORELEASING = YES;
				CLANG_WARN_BOOL_CONVERSION = YES;
				CLANG_WARN_COMMA = YES;
				CLANG_WARN_CONSTANT_CONVERSION = YES;
				CLANG_WARN_DEPRECATED_OBJC_IMPLEMENTATIONS = YES;
				CLANG_WARN_DIRECT_OBJC_ISA_USAGE = YES_ERROR;
				CLANG_WARN_DOCUMENTATION_COMMENTS = YES;
				CLANG_WARN_EMPTY_BODY = YES;
				CLANG_WARN_ENUM_CONVERSION = YES;
				CLANG_WARN_INFINITE_RECURSION = YES;
				CLANG_WARN_INT_CONVERSION = YES;
				CLANG_WARN_NON_LITERAL_NULL_CONVERSION = YES;
				CLANG_WARN_OBJC_IMPLICIT_RETAIN_SELF = YES;
				CLANG_WARN_OBJC_LITERAL_CONVERSION = YES;
				CLANG_WARN_OBJC_ROOT_CLASS = YES_ERROR;
				CLANG_WARN_RANGE_LOOP_ANALYSIS = YES;
				CLANG_WARN_STRICT_PROTOTYPES = YES;
				CLANG_WARN_SUSPICIOUS_MOVE = YES;
				CLANG_WARN_UNGUARDED_AVAILABILITY = YES_AGGRESSIVE;
				CLANG_WARN_UNREACHABLE_CODE = YES;
				CLANG_WARN__DUPLICATE_METHOD_MATCH = YES;
				COPY_PHASE_STRIP = NO;
				DEBUG_INFORMATION_FORMAT = "dwarf-with-dsym";
				ENABLE_NS_ASSERTIONS = NO;
				ENABLE_STRICT_OBJC_MSGSEND = YES;
				GCC_C_LANGUAGE_STANDARD = gnu11;
				GCC_NO_COMMON_BLOCKS = YES;
				GCC_WARN_64_TO_32_BIT_CONVERSION = YES;
				GCC_WARN_ABOUT_RETURN_TYPE = YES_ERROR;
				GCC_WARN_UNDECLARED_SELECTOR = YES;
				GCC_WARN_UNINITIALIZED_AUTOS = YES_AGGRESSIVE;
				GCC_WARN_UNUSED_FUNCTION = YES;
				GCC_WARN_UNUSED_VARIABLE = YES;
				IPHONEOS_DEPLOYMENT_TARGET = 13.5;
				MTL_ENABLE_DEBUG_INFO = NO;
				MTL_FAST_MATH = YES;
				SDKROOT = iphoneos;
				SWIFT_COMPILATION_MODE = wholemodule;
				SWIFT_OPTIMIZATION_LEVEL = "-O";
				VALIDATE_PRODUCT = YES;
			};
			name = Release;
		};
		5CBC9BF1248420CA00D81ACA /* Debug */ = {
			isa = XCBuildConfiguration;
			buildSettings = {
				ASSETCATALOG_COMPILER_APPICON_NAME = AppIcon;
				CODE_SIGN_STYLE = Automatic;
				DEVELOPMENT_TEAM = DQ7PYD7RDS;
				INFOPLIST_FILE = ARFaceTrakingDemo/Info.plist;
				LD_RUNPATH_SEARCH_PATHS = (
					"$(inherited)",
					"@executable_path/Frameworks",
				);
				PRODUCT_BUNDLE_IDENTIFIER = ITSelves.ARFaceTrakingDemo;
				PRODUCT_NAME = "$(TARGET_NAME)";
				SWIFT_VERSION = 5.0;
				TARGETED_DEVICE_FAMILY = "1,2";
			};
			name = Debug;
		};
		5CBC9BF2248420CA00D81ACA /* Release */ = {
			isa = XCBuildConfiguration;
			buildSettings = {
				ASSETCATALOG_COMPILER_APPICON_NAME = AppIcon;
				CODE_SIGN_STYLE = Automatic;
				DEVELOPMENT_TEAM = DQ7PYD7RDS;
				INFOPLIST_FILE = ARFaceTrakingDemo/Info.plist;
				LD_RUNPATH_SEARCH_PATHS = (
					"$(inherited)",
					"@executable_path/Frameworks",
				);
				PRODUCT_BUNDLE_IDENTIFIER = ITSelves.ARFaceTrakingDemo;
				PRODUCT_NAME = "$(TARGET_NAME)";
				SWIFT_VERSION = 5.0;
				TARGETED_DEVICE_FAMILY = "1,2";
			};
			name = Release;
		};
/* End XCBuildConfiguration section */

/* Begin XCConfigurationList section */
		5CBC9BD7248420C900D81ACA /* Build configuration list for PBXProject "ARFaceTrakingDemo" */ = {
			isa = XCConfigurationList;
			buildConfigurations = (
				5CBC9BEE248420CA00D81ACA /* Debug */,
				5CBC9BEF248420CA00D81ACA /* Release */,
			);
			defaultConfigurationIsVisible = 0;
			defaultConfigurationName = Release;
		};
		5CBC9BF0248420CA00D81ACA /* Build configuration list for PBXNativeTarget "ARFaceTrakingDemo" */ = {
			isa = XCConfigurationList;
			buildConfigurations = (
				5CBC9BF1248420CA00D81ACA /* Debug */,
				5CBC9BF2248420CA00D81ACA /* Release */,
			);
			defaultConfigurationIsVisible = 0;
			defaultConfigurationName = Release;
		};
/* End XCConfigurationList section */
	};
	rootObject = 5CBC9BD4248420C900D81ACA /* Project object */;
}
