// !$*UTF8*$!
{
	archiveVersion = 1;
	classes = {
	};
	objectVersion = 51;
	objects = {

/* Begin PBXBuildFile section */
		5C0D2F312448D9AF0068BD6E /* PlaceModel.swift in Sources */ = {isa = PBXBuildFile; fileRef = 5C0D2F302448D9AF0068BD6E /* PlaceModel.swift */; };
		5C3669E52440FC6A003504E7 /* AppDelegate.swift in Sources */ = {isa = PBXBuildFile; fileRef = 5C3669E42440FC6A003504E7 /* AppDelegate.swift */; };
		5C3669E72440FC6A003504E7 /* SceneDelegate.swift in Sources */ = {isa = PBXBuildFile; fileRef = 5C3669E62440FC6A003504E7 /* SceneDelegate.swift */; };
		5C3669E92440FC6A003504E7 /* ViewController.swift in Sources */ = {isa = PBXBuildFile; fileRef = 5C3669E82440FC6A003504E7 /* ViewController.swift */; };
		5C3669EC2440FC6A003504E7 /* Main.storyboard in Resources */ = {isa = PBXBuildFile; fileRef = 5C3669EA2440FC6A003504E7 /* Main.storyboard */; };
		5C3669EE2440FC6B003504E7 /* Assets.xcassets in Resources */ = {isa = PBXBuildFile; fileRef = 5C3669ED2440FC6B003504E7 /* Assets.xcassets */; };
		5C3669F12440FC6B003504E7 /* LaunchScreen.storyboard in Resources */ = {isa = PBXBuildFile; fileRef = 5C3669EF2440FC6B003504E7 /* LaunchScreen.storyboard */; };
		5C3669F92442560A003504E7 /* CustomTableViewCell.swift in Sources */ = {isa = PBXBuildFile; fileRef = 5C3669F82442560A003504E7 /* CustomTableViewCell.swift */; };
		5C3669FD2444F038003504E7 /* NewPlaceViewController.swift in Sources */ = {isa = PBXBuildFile; fileRef = 5C3669FC2444F038003504E7 /* NewPlaceViewController.swift */; };
		5CF235B024478F93004346A7 /* StorageManager.swift in Sources */ = {isa = PBXBuildFile; fileRef = 5CF235AF24478F93004346A7 /* StorageManager.swift */; };
		EA107D7A8A7ABD065EB22E79 /* Pods_MyPlaces.framework in Frameworks */ = {isa = PBXBuildFile; fileRef = 696875D94F757FAD24D4F643 /* Pods_MyPlaces.framework */; };
/* End PBXBuildFile section */

/* Begin PBXFileReference section */
		2947ECDD2A520073207E499C /* Pods-MyPlaces.debug.xcconfig */ = {isa = PBXFileReference; includeInIndex = 1; lastKnownFileType = text.xcconfig; name = "Pods-MyPlaces.debug.xcconfig"; path = "Target Support Files/Pods-MyPlaces/Pods-MyPlaces.debug.xcconfig"; sourceTree = "<group>"; };
		5C0D2F302448D9AF0068BD6E /* PlaceModel.swift */ = {isa = PBXFileReference; fileEncoding = 4; lastKnownFileType = sourcecode.swift; path = PlaceModel.swift; sourceTree = "<group>"; };
		5C3669E12440FC6A003504E7 /* MyPlaces.app */ = {isa = PBXFileReference; explicitFileType = wrapper.application; includeInIndex = 0; path = MyPlaces.app; sourceTree = BUILT_PRODUCTS_DIR; };
		5C3669E42440FC6A003504E7 /* AppDelegate.swift */ = {isa = PBXFileReference; lastKnownFileType = sourcecode.swift; path = AppDelegate.swift; sourceTree = "<group>"; };
		5C3669E62440FC6A003504E7 /* SceneDelegate.swift */ = {isa = PBXFileReference; lastKnownFileType = sourcecode.swift; path = SceneDelegate.swift; sourceTree = "<group>"; };
		5C3669E82440FC6A003504E7 /* ViewController.swift */ = {isa = PBXFileReference; lastKnownFileType = sourcecode.swift; path = ViewController.swift; sourceTree = "<group>"; };
		5C3669EB2440FC6A003504E7 /* Base */ = {isa = PBXFileReference; lastKnownFileType = file.storyboard; name = Base; path = Base.lproj/Main.storyboard; sourceTree = "<group>"; };
		5C3669ED2440FC6B003504E7 /* Assets.xcassets */ = {isa = PBXFileReference; lastKnownFileType = folder.assetcatalog; path = Assets.xcassets; sourceTree = "<group>"; };
		5C3669F02440FC6B003504E7 /* Base */ = {isa = PBXFileReference; lastKnownFileType = file.storyboard; name = Base; path = Base.lproj/LaunchScreen.storyboard; sourceTree = "<group>"; };
		5C3669F22440FC6B003504E7 /* Info.plist */ = {isa = PBXFileReference; lastKnownFileType = text.plist.xml; path = Info.plist; sourceTree = "<group>"; };
		5C3669F82442560A003504E7 /* CustomTableViewCell.swift */ = {isa = PBXFileReference; lastKnownFileType = sourcecode.swift; path = CustomTableViewCell.swift; sourceTree = "<group>"; };
		5C3669FC2444F038003504E7 /* NewPlaceViewController.swift */ = {isa = PBXFileReference; lastKnownFileType = sourcecode.swift; path = NewPlaceViewController.swift; sourceTree = "<group>"; };
		5CF235AF24478F93004346A7 /* StorageManager.swift */ = {isa = PBXFileReference; lastKnownFileType = sourcecode.swift; path = StorageManager.swift; sourceTree = "<group>"; };
		696875D94F757FAD24D4F643 /* Pods_MyPlaces.framework */ = {isa = PBXFileReference; explicitFileType = wrapper.framework; includeInIndex = 0; path = Pods_MyPlaces.framework; sourceTree = BUILT_PRODUCTS_DIR; };
		F743349BFA17F2838DA944B6 /* Pods-MyPlaces.release.xcconfig */ = {isa = PBXFileReference; includeInIndex = 1; lastKnownFileType = text.xcconfig; name = "Pods-MyPlaces.release.xcconfig"; path = "Target Support Files/Pods-MyPlaces/Pods-MyPlaces.release.xcconfig"; sourceTree = "<group>"; };
/* End PBXFileReference section */

/* Begin PBXFrameworksBuildPhase section */
		5C3669DE2440FC6A003504E7 /* Frameworks */ = {
			isa = PBXFrameworksBuildPhase;
			buildActionMask = 2147483647;
			files = (
				EA107D7A8A7ABD065EB22E79 /* Pods_MyPlaces.framework in Frameworks */,
			);
			runOnlyForDeploymentPostprocessing = 0;
		};
/* End PBXFrameworksBuildPhase section */

/* Begin PBXGroup section */
		26A69FAE686CF093637A522B /* Pods */ = {
			isa = PBXGroup;
			children = (
				2947ECDD2A520073207E499C /* Pods-MyPlaces.debug.xcconfig */,
				F743349BFA17F2838DA944B6 /* Pods-MyPlaces.release.xcconfig */,
			);
			path = Pods;
			sourceTree = "<group>";
		};
		5C3669D82440FC6A003504E7 = {
			isa = PBXGroup;
			children = (
				5C3669E32440FC6A003504E7 /* MyPlaces */,
				5C3669E22440FC6A003504E7 /* Products */,
				26A69FAE686CF093637A522B /* Pods */,
				D0BE97DD22180BCBC59A583E /* Frameworks */,
			);
			sourceTree = "<group>";
		};
		5C3669E22440FC6A003504E7 /* Products */ = {
			isa = PBXGroup;
			children = (
				5C3669E12440FC6A003504E7 /* MyPlaces.app */,
			);
			name = Products;
			sourceTree = "<group>";
		};
		5C3669E32440FC6A003504E7 /* MyPlaces */ = {
			isa = PBXGroup;
			children = (
				5C3669E42440FC6A003504E7 /* AppDelegate.swift */,
				5CF235AF24478F93004346A7 /* StorageManager.swift */,
				5C3669E62440FC6A003504E7 /* SceneDelegate.swift */,
				5C3669E82440FC6A003504E7 /* ViewController.swift */,
				5C3669F82442560A003504E7 /* CustomTableViewCell.swift */,
				5C3669EA2440FC6A003504E7 /* Main.storyboard */,
				5C0D2F302448D9AF0068BD6E /* PlaceModel.swift */,
				5C3669FC2444F038003504E7 /* NewPlaceViewController.swift */,
				5C3669ED2440FC6B003504E7 /* Assets.xcassets */,
				5C3669EF2440FC6B003504E7 /* LaunchScreen.storyboard */,
				5C3669F22440FC6B003504E7 /* Info.plist */,
			);
			path = MyPlaces;
			sourceTree = "<group>";
		};
		D0BE97DD22180BCBC59A583E /* Frameworks */ = {
			isa = PBXGroup;
			children = (
				696875D94F757FAD24D4F643 /* Pods_MyPlaces.framework */,
			);
			name = Frameworks;
			sourceTree = "<group>";
		};
/* End PBXGroup section */

/* Begin PBXNativeTarget section */
		5C3669E02440FC6A003504E7 /* MyPlaces */ = {
			isa = PBXNativeTarget;
			buildConfigurationList = 5C3669F52440FC6B003504E7 /* Build configuration list for PBXNativeTarget "MyPlaces" */;
			buildPhases = (
				E30B907D3F24B577CAF8CF8C /* [CP] Check Pods Manifest.lock */,
				5C3669DD2440FC6A003504E7 /* Sources */,
				5C3669DE2440FC6A003504E7 /* Frameworks */,
				5C3669DF2440FC6A003504E7 /* Resources */,
				BC9CCA8819D8473EF611CB2C /* [CP] Embed Pods Frameworks */,
			);
			buildRules = (
			);
			dependencies = (
			);
			name = MyPlaces;
			productName = MyPlaces;
			productReference = 5C3669E12440FC6A003504E7 /* MyPlaces.app */;
			productType = "com.apple.product-type.application";
		};
/* End PBXNativeTarget section */

/* Begin PBXProject section */
		5C3669D92440FC6A003504E7 /* Project object */ = {
			isa = PBXProject;
			attributes = {
				LastSwiftUpdateCheck = 1140;
				LastUpgradeCheck = 1140;
				ORGANIZATIONNAME = "Евгений Уланов";
				TargetAttributes = {
					5C3669E02440FC6A003504E7 = {
						CreatedOnToolsVersion = 11.4;
					};
				};
			};
			buildConfigurationList = 5C3669DC2440FC6A003504E7 /* Build configuration list for PBXProject "MyPlaces" */;
			compatibilityVersion = "Xcode 9.3";
			developmentRegion = en;
			hasScannedForEncodings = 0;
			knownRegions = (
				en,
				Base,
			);
			mainGroup = 5C3669D82440FC6A003504E7;
			productRefGroup = 5C3669E22440FC6A003504E7 /* Products */;
			projectDirPath = "";
			projectRoot = "";
			targets = (
				5C3669E02440FC6A003504E7 /* MyPlaces */,
			);
		};
/* End PBXProject section */

/* Begin PBXResourcesBuildPhase section */
		5C3669DF2440FC6A003504E7 /* Resources */ = {
			isa = PBXResourcesBuildPhase;
			buildActionMask = 2147483647;
			files = (
				5C3669F12440FC6B003504E7 /* LaunchScreen.storyboard in Resources */,
				5C3669EE2440FC6B003504E7 /* Assets.xcassets in Resources */,
				5C3669EC2440FC6A003504E7 /* Main.storyboard in Resources */,
			);
			runOnlyForDeploymentPostprocessing = 0;
		};
/* End PBXResourcesBuildPhase section */

/* Begin PBXShellScriptBuildPhase section */
		BC9CCA8819D8473EF611CB2C /* [CP] Embed Pods Frameworks */ = {
			isa = PBXShellScriptBuildPhase;
			buildActionMask = 2147483647;
			files = (
			);
			inputFileListPaths = (
				"${PODS_ROOT}/Target Support Files/Pods-MyPlaces/Pods-MyPlaces-frameworks-${CONFIGURATION}-input-files.xcfilelist",
			);
			name = "[CP] Embed Pods Frameworks";
			outputFileListPaths = (
				"${PODS_ROOT}/Target Support Files/Pods-MyPlaces/Pods-MyPlaces-frameworks-${CONFIGURATION}-output-files.xcfilelist",
			);
			runOnlyForDeploymentPostprocessing = 0;
			shellPath = /bin/sh;
			shellScript = "\"${PODS_ROOT}/Target Support Files/Pods-MyPlaces/Pods-MyPlaces-frameworks.sh\"\n";
			showEnvVarsInLog = 0;
		};
		E30B907D3F24B577CAF8CF8C /* [CP] Check Pods Manifest.lock */ = {
			isa = PBXShellScriptBuildPhase;
			buildActionMask = 2147483647;
			files = (
			);
			inputFileListPaths = (
			);
			inputPaths = (
				"${PODS_PODFILE_DIR_PATH}/Podfile.lock",
				"${PODS_ROOT}/Manifest.lock",
			);
			name = "[CP] Check Pods Manifest.lock";
			outputFileListPaths = (
			);
			outputPaths = (
				"$(DERIVED_FILE_DIR)/Pods-MyPlaces-checkManifestLockResult.txt",
			);
			runOnlyForDeploymentPostprocessing = 0;
			shellPath = /bin/sh;
			shellScript = "diff \"${PODS_PODFILE_DIR_PATH}/Podfile.lock\" \"${PODS_ROOT}/Manifest.lock\" > /dev/null\nif [ $? != 0 ] ; then\n    # print error to STDERR\n    echo \"error: The sandbox is not in sync with the Podfile.lock. Run 'pod install' or update your CocoaPods installation.\" >&2\n    exit 1\nfi\n# This output is used by Xcode 'outputs' to avoid re-running this script phase.\necho \"SUCCESS\" > \"${SCRIPT_OUTPUT_FILE_0}\"\n";
			showEnvVarsInLog = 0;
		};
/* End PBXShellScriptBuildPhase section */

/* Begin PBXSourcesBuildPhase section */
		5C3669DD2440FC6A003504E7 /* Sources */ = {
			isa = PBXSourcesBuildPhase;
			buildActionMask = 2147483647;
			files = (
				5C3669E92440FC6A003504E7 /* ViewController.swift in Sources */,
				5C0D2F312448D9AF0068BD6E /* PlaceModel.swift in Sources */,
				5C3669FD2444F038003504E7 /* NewPlaceViewController.swift in Sources */,
				5C3669E52440FC6A003504E7 /* AppDelegate.swift in Sources */,
				5CF235B024478F93004346A7 /* StorageManager.swift in Sources */,
				5C3669F92442560A003504E7 /* CustomTableViewCell.swift in Sources */,
				5C3669E72440FC6A003504E7 /* SceneDelegate.swift in Sources */,
			);
			runOnlyForDeploymentPostprocessing = 0;
		};
/* End PBXSourcesBuildPhase section */

/* Begin PBXVariantGroup section */
		5C3669EA2440FC6A003504E7 /* Main.storyboard */ = {
			isa = PBXVariantGroup;
			children = (
				5C3669EB2440FC6A003504E7 /* Base */,
			);
			name = Main.storyboard;
			sourceTree = "<group>";
		};
		5C3669EF2440FC6B003504E7 /* LaunchScreen.storyboard */ = {
			isa = PBXVariantGroup;
			children = (
				5C3669F02440FC6B003504E7 /* Base */,
			);
			name = LaunchScreen.storyboard;
			sourceTree = "<group>";
		};
/* End PBXVariantGroup section */

/* Begin XCBuildConfiguration section */
		5C3669F32440FC6B003504E7 /* Debug */ = {
			isa = XCBuildConfiguration;
			buildSettings = {
				ALWAYS_SEARCH_USER_PATHS = NO;
				CLANG_ANALYZER_NONNULL = YES;
				CLANG_ANALYZER_NUMBER_OBJECT_CONVERSION = YES_AGGRESSIVE;
				CLANG_CXX_LANGUAGE_STANDARD = "gnu++14";
				CLANG_CXX_LIBRARY = "libc++";
				CLANG_ENABLE_MODULES = YES;
				CLANG_ENABLE_OBJC_ARC = YES;
				CLANG_ENABLE_OBJC_WEAK = YES;
				CLANG_WARN_BLOCK_CAPTURE_AUTORELEASING = YES;
				CLANG_WARN_BOOL_CONVERSION = YES;
				CLANG_WARN_COMMA = YES;
				CLANG_WARN_CONSTANT_CONVERSION = YES;
				CLANG_WARN_DEPRECATED_OBJC_IMPLEMENTATIONS = YES;
				CLANG_WARN_DIRECT_OBJC_ISA_USAGE = YES_ERROR;
				CLANG_WARN_DOCUMENTATION_COMMENTS = YES;
				CLANG_WARN_EMPTY_BODY = YES;
				CLANG_WARN_ENUM_CONVERSION = YES;
				CLANG_WARN_INFINITE_RECURSION = YES;
				CLANG_WARN_INT_CONVERSION = YES;
				CLANG_WARN_NON_LITERAL_NULL_CONVERSION = YES;
				CLANG_WARN_OBJC_IMPLICIT_RETAIN_SELF = YES;
				CLANG_WARN_OBJC_LITERAL_CONVERSION = YES;
				CLANG_WARN_OBJC_ROOT_CLASS = YES_ERROR;
				CLANG_WARN_RANGE_LOOP_ANALYSIS = YES;
				CLANG_WARN_STRICT_PROTOTYPES = YES;
				CLANG_WARN_SUSPICIOUS_MOVE = YES;
				CLANG_WARN_UNGUARDED_AVAILABILITY = YES_AGGRESSIVE;
				CLANG_WARN_UNREACHABLE_CODE = YES;
				CLANG_WARN__DUPLICATE_METHOD_MATCH = YES;
				COPY_PHASE_STRIP = NO;
				DEBUG_INFORMATION_FORMAT = dwarf;
				ENABLE_STRICT_OBJC_MSGSEND = YES;
				ENABLE_TESTABILITY = YES;
				GCC_C_LANGUAGE_STANDARD = gnu11;
				GCC_DYNAMIC_NO_PIC = NO;
				GCC_NO_COMMON_BLOCKS = YES;
				GCC_OPTIMIZATION_LEVEL = 0;
				GCC_PREPROCESSOR_DEFINITIONS = (
					"DEBUG=1",
					"$(inherited)",
				);
				GCC_WARN_64_TO_32_BIT_CONVERSION = YES;
				GCC_WARN_ABOUT_RETURN_TYPE = YES_ERROR;
				GCC_WARN_UNDECLARED_SELECTOR = YES;
				GCC_WARN_UNINITIALIZED_AUTOS = YES_AGGRESSIVE;
				GCC_WARN_UNUSED_FUNCTION = YES;
				GCC_WARN_UNUSED_VARIABLE = YES;
				IPHONEOS_DEPLOYMENT_TARGET = 13.4;
				MTL_ENABLE_DEBUG_INFO = INCLUDE_SOURCE;
				MTL_FAST_MATH = YES;
				ONLY_ACTIVE_ARCH = YES;
				SDKROOT = iphoneos;
				SWIFT_ACTIVE_COMPILATION_CONDITIONS = DEBUG;
				SWIFT_OPTIMIZATION_LEVEL = "-Onone";
			};
			name = Debug;
		};
		5C3669F42440FC6B003504E7 /* Release */ = {
			isa = XCBuildConfiguration;
			buildSettings = {
				ALWAYS_SEARCH_USER_PATHS = NO;
				CLANG_ANALYZER_NONNULL = YES;
				CLANG_ANALYZER_NUMBER_OBJECT_CONVERSION = YES_AGGRESSIVE;
				CLANG_CXX_LANGUAGE_STANDARD = "gnu++14";
				CLANG_CXX_LIBRARY = "libc++";
				CLANG_ENABLE_MODULES = YES;
				CLANG_ENABLE_OBJC_ARC = YES;
				CLANG_ENABLE_OBJC_WEAK = YES;
				CLANG_WARN_BLOCK_CAPTURE_AUTORELEASING = YES;
				CLANG_WARN_BOOL_CONVERSION = YES;
				CLANG_WARN_COMMA = YES;
				CLANG_WARN_CONSTANT_CONVERSION = YES;
				CLANG_WARN_DEPRECATED_OBJC_IMPLEMENTATIONS = YES;
				CLANG_WARN_DIRECT_OBJC_ISA_USAGE = YES_ERROR;
				CLANG_WARN_DOCUMENTATION_COMMENTS = YES;
				CLANG_WARN_EMPTY_BODY = YES;
				CLANG_WARN_ENUM_CONVERSION = YES;
				CLANG_WARN_INFINITE_RECURSION = YES;
				CLANG_WARN_INT_CONVERSION = YES;
				CLANG_WARN_NON_LITERAL_NULL_CONVERSION = YES;
				CLANG_WARN_OBJC_IMPLICIT_RETAIN_SELF = YES;
				CLANG_WARN_OBJC_LITERAL_CONVERSION = YES;
				CLANG_WARN_OBJC_ROOT_CLASS = YES_ERROR;
				CLANG_WARN_RANGE_LOOP_ANALYSIS = YES;
				CLANG_WARN_STRICT_PROTOTYPES = YES;
				CLANG_WARN_SUSPICIOUS_MOVE = YES;
				CLANG_WARN_UNGUARDED_AVAILABILITY = YES_AGGRESSIVE;
				CLANG_WARN_UNREACHABLE_CODE = YES;
				CLANG_WARN__DUPLICATE_METHOD_MATCH = YES;
				COPY_PHASE_STRIP = NO;
				DEBUG_INFORMATION_FORMAT = "dwarf-with-dsym";
				ENABLE_NS_ASSERTIONS = NO;
				ENABLE_STRICT_OBJC_MSGSEND = YES;
				GCC_C_LANGUAGE_STANDARD = gnu11;
				GCC_NO_COMMON_BLOCKS = YES;
				GCC_WARN_64_TO_32_BIT_CONVERSION = YES;
				GCC_WARN_ABOUT_RETURN_TYPE = YES_ERROR;
				GCC_WARN_UNDECLARED_SELECTOR = YES;
				GCC_WARN_UNINITIALIZED_AUTOS = YES_AGGRESSIVE;
				GCC_WARN_UNUSED_FUNCTION = YES;
				GCC_WARN_UNUSED_VARIABLE = YES;
				IPHONEOS_DEPLOYMENT_TARGET = 13.4;
				MTL_ENABLE_DEBUG_INFO = NO;
				MTL_FAST_MATH = YES;
				SDKROOT = iphoneos;
				SWIFT_COMPILATION_MODE = wholemodule;
				SWIFT_OPTIMIZATION_LEVEL = "-O";
				VALIDATE_PRODUCT = YES;
			};
			name = Release;
		};
		5C3669F62440FC6B003504E7 /* Debug */ = {
			isa = XCBuildConfiguration;
			baseConfigurationReference = 2947ECDD2A520073207E499C /* Pods-MyPlaces.debug.xcconfig */;
			buildSettings = {
				ASSETCATALOG_COMPILER_APPICON_NAME = AppIcon;
				CODE_SIGN_STYLE = Automatic;
				DEVELOPMENT_TEAM = DQ7PYD7RDS;
				INFOPLIST_FILE = MyPlaces/Info.plist;
				LD_RUNPATH_SEARCH_PATHS = (
					"$(inherited)",
					"@executable_path/Frameworks",
				);
				PRODUCT_BUNDLE_IDENTIFIER = jake.MyPlaces;
				PRODUCT_NAME = "$(TARGET_NAME)";
				SWIFT_VERSION = 5.0;
				TARGETED_DEVICE_FAMILY = "1,2";
			};
			name = Debug;
		};
		5C3669F72440FC6B003504E7 /* Release */ = {
			isa = XCBuildConfiguration;
			baseConfigurationReference = F743349BFA17F2838DA944B6 /* Pods-MyPlaces.release.xcconfig */;
			buildSettings = {
				ASSETCATALOG_COMPILER_APPICON_NAME = AppIcon;
				CODE_SIGN_STYLE = Automatic;
				DEVELOPMENT_TEAM = DQ7PYD7RDS;
				INFOPLIST_FILE = MyPlaces/Info.plist;
				LD_RUNPATH_SEARCH_PATHS = (
					"$(inherited)",
					"@executable_path/Frameworks",
				);
				PRODUCT_BUNDLE_IDENTIFIER = jake.MyPlaces;
				PRODUCT_NAME = "$(TARGET_NAME)";
				SWIFT_VERSION = 5.0;
				TARGETED_DEVICE_FAMILY = "1,2";
			};
			name = Release;
		};
/* End XCBuildConfiguration section */

/* Begin XCConfigurationList section */
		5C3669DC2440FC6A003504E7 /* Build configuration list for PBXProject "MyPlaces" */ = {
			isa = XCConfigurationList;
			buildConfigurations = (
				5C3669F32440FC6B003504E7 /* Debug */,
				5C3669F42440FC6B003504E7 /* Release */,
			);
			defaultConfigurationIsVisible = 0;
			defaultConfigurationName = Release;
		};
		5C3669F52440FC6B003504E7 /* Build configuration list for PBXNativeTarget "MyPlaces" */ = {
			isa = XCConfigurationList;
			buildConfigurations = (
				5C3669F62440FC6B003504E7 /* Debug */,
				5C3669F72440FC6B003504E7 /* Release */,
			);
			defaultConfigurationIsVisible = 0;
			defaultConfigurationName = Release;
		};
/* End XCConfigurationList section */
	};
	rootObject = 5C3669D92440FC6A003504E7 /* Project object */;
}
